
Microsoft Visual Studio Solution File, Format Version 12.00
# Visual Studio Version 17
VisualStudioVersion = 17.2.32526.322
MinimumVisualStudioVersion = 10.0.40219.1
Project("{FAE04EC0-301F-11D3-BF4B-00C04F79EFBC}") = "IdentityServer", "IdentityServer\IdentityServer.csproj", "{5D51FAA9-98F7-4C4C-A102-8074770C7987}"
EndProject
Global
	GlobalSection(SolutionConfigurationPlatforms) = preSolution
		Debug|Any CPU = Debug|Any CPU
		Release|Any CPU = Release|Any CPU
	EndGlobalSection
	GlobalSection(ProjectConfigurationPlatforms) = postSolution
		{5D51FAA9-98F7-4C4C-A102-8074770C7987}.Debug|Any CPU.ActiveCfg = Debug|Any CPU
		{5D51FAA9-98F7-4C4C-A102-8074770C7987}.Debug|Any CPU.Build.0 = Debug|Any CPU
		{5D51FAA9-98F7-4C4C-A102-8074770C7987}.Release|Any CPU.ActiveCfg = Release|Any CPU
		{5D51FAA9-98F7-4C4C-A102-8074770C7987}.Release|Any CPU.Build.0 = Release|Any CPU
	EndGlobalSection
	GlobalSection(SolutionProperties) = preSolution
		HideSolutionNode = FALSE
	EndGlobalSection
	GlobalSection(ExtensibilityGlobals) = postSolution
		SolutionGuid = {87A34DE5-BB0B-4924-A4DB-D3B646D7CCAE}
	EndGlobalSection
EndGlobal
