
Microsoft Visual Studio Solution File, Format Version 12.00
# Visual Studio Version 17
VisualStudioVersion = 17.2.32616.157
MinimumVisualStudioVersion = 10.0.40219.1
Project("{9A19103F-16F7-4668-BE54-9A1E7A4F7556}") = "TelegramBot.Service", "TelegramBot.Service\TelegramBot.Service.csproj", "{28995924-0AAF-4DE1-9C27-C5CD700260AA}"
EndProject
Project("{FAE04EC0-301F-11D3-BF4B-00C04F79EFBC}") = "TelegramBot.Service.Kafka.Common", "TelegramBot.Service.Kafka.Common\TelegramBot.Service.Kafka.Common.csproj", "{56F041AC-D760-4995-A640-6CF7E6FBDDF9}"
EndProject
Project("{E53339B2-1760-4266-BCC7-CA923CBCF16C}") = "docker-compose", "docker-compose.dcproj", "{FF25BEE6-50E2-45FD-A5DD-C059DE595A35}"
EndProject
Global
	GlobalSection(SolutionConfigurationPlatforms) = preSolution
		Debug|Any CPU = Debug|Any CPU
		Release|Any CPU = Release|Any CPU
	EndGlobalSection
	GlobalSection(ProjectConfigurationPlatforms) = postSolution
		{28995924-0AAF-4DE1-9C27-C5CD700260AA}.Debug|Any CPU.ActiveCfg = Debug|Any CPU
		{28995924-0AAF-4DE1-9C27-C5CD700260AA}.Debug|Any CPU.Build.0 = Debug|Any CPU
		{28995924-0AAF-4DE1-9C27-C5CD700260AA}.Release|Any CPU.ActiveCfg = Release|Any CPU
		{28995924-0AAF-4DE1-9C27-C5CD700260AA}.Release|Any CPU.Build.0 = Release|Any CPU
		{56F041AC-D760-4995-A640-6CF7E6FBDDF9}.Debug|Any CPU.ActiveCfg = Debug|Any CPU
		{56F041AC-D760-4995-A640-6CF7E6FBDDF9}.Debug|Any CPU.Build.0 = Debug|Any CPU
		{56F041AC-D760-4995-A640-6CF7E6FBDDF9}.Release|Any CPU.ActiveCfg = Release|Any CPU
		{56F041AC-D760-4995-A640-6CF7E6FBDDF9}.Release|Any CPU.Build.0 = Release|Any CPU
		{FF25BEE6-50E2-45FD-A5DD-C059DE595A35}.Debug|Any CPU.ActiveCfg = Debug|Any CPU
		{FF25BEE6-50E2-45FD-A5DD-C059DE595A35}.Debug|Any CPU.Build.0 = Debug|Any CPU
		{FF25BEE6-50E2-45FD-A5DD-C059DE595A35}.Release|Any CPU.ActiveCfg = Release|Any CPU
		{FF25BEE6-50E2-45FD-A5DD-C059DE595A35}.Release|Any CPU.Build.0 = Release|Any CPU
	EndGlobalSection
	GlobalSection(SolutionProperties) = preSolution
		HideSolutionNode = FALSE
	EndGlobalSection
	GlobalSection(ExtensibilityGlobals) = postSolution
		SolutionGuid = {D772A6D0-387A-4CFF-8A99-84B4336EC47B}
	EndGlobalSection
EndGlobal
